
Microsoft Visual Studio Solution File, Format Version 12.00
# Visual Studio Version 17
VisualStudioVersion = 17.6.33829.357
MinimumVisualStudioVersion = 10.0.40219.1
Project("{2150E333-8FDC-42A3-9474-1A3956D46DE8}") = "ABP", "ABP", "{3B9C61C1-4778-468D-9293-D703C5FA853D}"
EndProject
Project("{2150E333-8FDC-42A3-9474-1A3956D46DE8}") = "Hangfire", "Hangfire", "{BC97E9D6-2B2C-485D-A8C9-5D89A73317F6}"
EndProject
Project("{2150E333-8FDC-42A3-9474-1A3956D46DE8}") = "src", "src", "{0B9BC791-50A1-484C-9E78-3C76CF4B03C8}"
EndProject
Project("{2150E333-8FDC-42A3-9474-1A3956D46DE8}") = "module", "module", "{7711D87C-7E00-42A2-A1E6-B63931745893}"
EndProject
Project("{2150E333-8FDC-42A3-9474-1A3956D46DE8}") = "src", "src", "{52EB24A8-9FFD-47B1-BC82-F23DD4C01265}"
EndProject
Project("{9A19103F-16F7-4668-BE54-9A1E7A4F7556}") = "Chao.Abp.Core", "ABP\src\Chao.Abp.Core\Chao.Abp.Core.csproj", "{44EFE794-1013-4F56-8B2D-83FE4CB7B6B4}"
EndProject
Project("{9A19103F-16F7-4668-BE54-9A1E7A4F7556}") = "Chao.Abp.Timing", "ABP\src\Chao.Abp.Timing\Chao.Abp.Timing.csproj", "{4DFA2EAB-0C1D-480E-A438-7922663CCEEC}"
EndProject
Project("{9A19103F-16F7-4668-BE54-9A1E7A4F7556}") = "Chao.Abp.Ddd.Domain", "ABP\src\Chao.Abp.Ddd.Domain\Chao.Abp.Ddd.Domain.csproj", "{5BB3ABE8-443D-421D-AB0A-38794D9C746B}"
EndProject
Project("{9A19103F-16F7-4668-BE54-9A1E7A4F7556}") = "Chao.Abp.EntityFrameworkCore", "ABP\src\Chao.Abp.EntityFrameworkCore\Chao.Abp.EntityFrameworkCore.csproj", "{000AE66B-22FA-46F5-8D01-3E5491A13E4D}"
EndProject
Project("{9A19103F-16F7-4668-BE54-9A1E7A4F7556}") = "Chao.Abp.ExceptionHandling", "ABP\src\Chao.Abp.ExceptionHandling\Chao.Abp.ExceptionHandling.csproj", "{D2A7EEDF-01F0-447B-8B32-B1A9F8E8F0B0}"
EndProject
Project("{9A19103F-16F7-4668-BE54-9A1E7A4F7556}") = "Chao.Abp.Json", "ABP\src\Chao.Abp.Json\Chao.Abp.Json.csproj", "{1D700A08-A418-46AD-8352-2FB04B9B6C8D}"
EndProject
Project("{9A19103F-16F7-4668-BE54-9A1E7A4F7556}") = "Chao.Abp.Json.SystemTextJson", "ABP\src\Chao.Abp.Json.SystemTextJson\Chao.Abp.Json.SystemTextJson.csproj", "{C265D086-6850-4725-B24A-F7EA8BF4B5D9}"
EndProject
Project("{9A19103F-16F7-4668-BE54-9A1E7A4F7556}") = "Chao.Abp.MultiTenancy", "ABP\src\Chao.Abp.MultiTenancy\Chao.Abp.MultiTenancy.csproj", "{AE6DD53C-40BF-409F-A81D-4E988FBB17BD}"
EndProject
Project("{9A19103F-16F7-4668-BE54-9A1E7A4F7556}") = "Chao.Abp.ObjectExtending", "ABP\src\Chao.Abp.ObjectExtending\Chao.Abp.ObjectExtending.csproj", "{319D92D7-D4B9-4A29-8DA4-B3690E62A85E}"
EndProject
Project("{9A19103F-16F7-4668-BE54-9A1E7A4F7556}") = "Chao.Abp.ResultHandling", "ABP\src\Chao.Abp.ResultHandling\Chao.Abp.ResultHandling.csproj", "{8FD365B6-6E53-476F-BD12-ACF0A82261E1}"
EndProject
Project("{9A19103F-16F7-4668-BE54-9A1E7A4F7556}") = "Chao.Abp.Swashbuckle", "ABP\src\Chao.Abp.Swashbuckle\Chao.Abp.Swashbuckle.csproj", "{9AD5ED73-B471-4EDB-BCE2-D2B671A73002}"
EndProject
Project("{9A19103F-16F7-4668-BE54-9A1E7A4F7556}") = "Chao.Abp.TestBase", "ABP\src\Chao.Abp.TestBase\Chao.Abp.TestBase.csproj", "{2F7F135B-7F17-41DE-973F-D29D561867EE}"
EndProject
Project("{9A19103F-16F7-4668-BE54-9A1E7A4F7556}") = "Chao.Abp.TenantManagement.Domain", "ABP\module\Chao.Abp.TenantManagement.Domain\Chao.Abp.TenantManagement.Domain.csproj", "{A6EBF7B7-38B4-493A-996E-05CB5E1DF401}"
EndProject
Project("{9A19103F-16F7-4668-BE54-9A1E7A4F7556}") = "Chao.Abp.AuditLogging.Domain", "ABP\module\Chao.Abp.AuditLogging.Domain\Chao.Abp.AuditLogging.Domain.csproj", "{EB5C4B96-6D9D-4E4D-8059-F1F203E8DDF6}"
EndProject
Project("{9A19103F-16F7-4668-BE54-9A1E7A4F7556}") = "Chao.Hangfire.Test", "Hangfire\src\Chao.Hangfire.Test\Chao.Hangfire.Test.csproj", "{BC18DFD0-D37B-4F12-A6A8-BE8FC59C1E23}"
EndProject
Project("{9A19103F-16F7-4668-BE54-9A1E7A4F7556}") = "Chao.Abp.AspNetCore", "ABP\src\Chao.Abp.AspNetCore\Chao.Abp.AspNetCore.csproj", "{79B77F6E-FE35-498F-94FE-DB9D6F5C49B2}"
EndProject
Project("{9A19103F-16F7-4668-BE54-9A1E7A4F7556}") = "Chao.Abp.AspNetCore.Mvc", "ABP\src\Chao.Abp.AspNetCore.Mvc\Chao.Abp.AspNetCore.Mvc.csproj", "{77846320-8CEB-4390-8CD4-64F0EF761A1B}"
EndProject
Project("{9A19103F-16F7-4668-BE54-9A1E7A4F7556}") = "Chao.Abp.AspNetCore.Mvc.UI", "ABP\src\Chao.Abp.AspNetCore.Mvc.UI\Chao.Abp.AspNetCore.Mvc.UI.csproj", "{4DCD0031-0834-43A5-86B6-2FC6FF6697F7}"
EndProject
Project("{9A19103F-16F7-4668-BE54-9A1E7A4F7556}") = "Chao.Abp.Authorization", "ABP\src\Chao.Abp.Authorization\Chao.Abp.Authorization.csproj", "{99F7A5A4-C099-4EDF-943C-6264A69891D4}"
EndProject
Project("{2150E333-8FDC-42A3-9474-1A3956D46DE8}") = "CAS", "CAS", "{5BAB1578-B095-4C50-9842-58FB19B6C0E7}"
EndProject
Project("{2150E333-8FDC-42A3-9474-1A3956D46DE8}") = "src", "src", "{4C1627B0-9AD4-4B18-BFB5-9F4140BAEBAB}"
EndProject
Project("{9A19103F-16F7-4668-BE54-9A1E7A4F7556}") = "Chao.CAS", "CAS\src\Chao.CAS\Chao.CAS.csproj", "{4F640AAC-A976-46D0-8FAA-FA1E526BB16F}"
EndProject
Project("{9A19103F-16F7-4668-BE54-9A1E7A4F7556}") = "Chao.Abp.Identity.SSO", "ABP\module\Chao.Abp.Identity.SSO\Chao.Abp.Identity.SSO.csproj", "{E0F8A1B3-4E27-4B5A-ACBD-6AD7689E237B}"
EndProject
Project("{9A19103F-16F7-4668-BE54-9A1E7A4F7556}") = "Chao.Abp.CAS", "ABP\module\Chao.Abp.CAS\Chao.Abp.CAS.csproj", "{3F1B02AB-1AE3-4E94-BAC3-5BFA5A661FCD}"
EndProject
Project("{9A19103F-16F7-4668-BE54-9A1E7A4F7556}") = "Chao.Abp.AspNetCore.TestBase", "ABP\src\Chao.Abp.AspNetCore.TestBase\Chao.Abp.AspNetCore.TestBase.csproj", "{C3AD606D-C043-4569-AEEF-2D964C20FD02}"
EndProject
Project("{FAE04EC0-301F-11D3-BF4B-00C04F79EFBC}") = "Chao.Abp.WebApiClient", "ABP\module\Chao.Abp.WebApiClient\Chao.Abp.WebApiClient.csproj", "{D2CD7FFB-0438-40B5-BF93-16BA9196F122}"
EndProject
Project("{FAE04EC0-301F-11D3-BF4B-00C04F79EFBC}") = "Chao.Abp.AuditLogging.EntityFrameworkCore", "ABP\module\Chao.Abp.AuditLogging.EntityFrameworkCore\Chao.Abp.AuditLogging.EntityFrameworkCore.csproj", "{A4E945BB-11EE-40CF-4425-FEE663050232}"
EndProject
Project("{FAE04EC0-301F-11D3-BF4B-00C04F79EFBC}") = "Chao.Abp.Json.Abstractions", "ABP\src\Chao.Abp.Json.Abstractions\Chao.Abp.Json.Abstractions.csproj", "{E07B705E-9E80-40FB-B55F-AB2D6EED438D}"
EndProject
Project("{FAE04EC0-301F-11D3-BF4B-00C04F79EFBC}") = "Chao.Abp.BackgroundJobs.Abstractions", "ABP\src\Chao.Abp.BackgroundJobs.Abstractions\Chao.Abp.BackgroundJobs.Abstractions.csproj", "{A4FAAB85-BE28-6A31-60D6-17DABB45D3A8}"
EndProject
Project("{FAE04EC0-301F-11D3-BF4B-00C04F79EFBC}") = "Chao.Abp.BackgroundJobs.RabbitMQ", "ABP\src\Chao.Abp.BackgroundJobs.RabbitMQ\Chao.Abp.BackgroundJobs.RabbitMQ.csproj", "{46A00B67-C211-488E-A472-7CC5334747C0}"
EndProject
Project("{FAE04EC0-301F-11D3-BF4B-00C04F79EFBC}") = "Chao.Abp.BackgroundJobs", "ABP\src\Chao.Abp.BackgroundJobs\Chao.Abp.BackgroundJobs.csproj", "{B6B76FA7-F0AA-4EC8-AA92-960FC42A18E6}"
EndProject
Project("{FAE04EC0-301F-11D3-BF4B-00C04F79EFBC}") = "Chao.Abp.BackgroundJobs.HangFire", "ABP\src\Chao.Abp.BackgroundJobs.HangFire\Chao.Abp.BackgroundJobs.HangFire.csproj", "{BE4F472A-2807-49EE-81BD-D01F8DA8C170}"
EndProject
Project("{FAE04EC0-301F-11D3-BF4B-00C04F79EFBC}") = "Chao.Abp.BackgroundJobs.Quartz", "ABP\src\Chao.Abp.BackgroundJobs.Quartz\Chao.Abp.BackgroundJobs.Quartz.csproj", "{E25A0589-325C-470B-B281-1A8609D32CF9}"
EndProject
Global
	GlobalSection(SolutionConfigurationPlatforms) = preSolution
		Debug|Any CPU = Debug|Any CPU
		Release|Any CPU = Release|Any CPU
	EndGlobalSection
	GlobalSection(ProjectConfigurationPlatforms) = postSolution
		{44EFE794-1013-4F56-8B2D-83FE4CB7B6B4}.Debug|Any CPU.ActiveCfg = Debug|Any CPU
		{44EFE794-1013-4F56-8B2D-83FE4CB7B6B4}.Debug|Any CPU.Build.0 = Debug|Any CPU
		{44EFE794-1013-4F56-8B2D-83FE4CB7B6B4}.Release|Any CPU.ActiveCfg = Release|Any CPU
		{44EFE794-1013-4F56-8B2D-83FE4CB7B6B4}.Release|Any CPU.Build.0 = Release|Any CPU
		{4DFA2EAB-0C1D-480E-A438-7922663CCEEC}.Debug|Any CPU.ActiveCfg = Debug|Any CPU
		{4DFA2EAB-0C1D-480E-A438-7922663CCEEC}.Debug|Any CPU.Build.0 = Debug|Any CPU
		{4DFA2EAB-0C1D-480E-A438-7922663CCEEC}.Release|Any CPU.ActiveCfg = Release|Any CPU
		{4DFA2EAB-0C1D-480E-A438-7922663CCEEC}.Release|Any CPU.Build.0 = Release|Any CPU
		{5BB3ABE8-443D-421D-AB0A-38794D9C746B}.Debug|Any CPU.ActiveCfg = Debug|Any CPU
		{5BB3ABE8-443D-421D-AB0A-38794D9C746B}.Debug|Any CPU.Build.0 = Debug|Any CPU
		{5BB3ABE8-443D-421D-AB0A-38794D9C746B}.Release|Any CPU.ActiveCfg = Release|Any CPU
		{5BB3ABE8-443D-421D-AB0A-38794D9C746B}.Release|Any CPU.Build.0 = Release|Any CPU
		{000AE66B-22FA-46F5-8D01-3E5491A13E4D}.Debug|Any CPU.ActiveCfg = Debug|Any CPU
		{000AE66B-22FA-46F5-8D01-3E5491A13E4D}.Debug|Any CPU.Build.0 = Debug|Any CPU
		{000AE66B-22FA-46F5-8D01-3E5491A13E4D}.Release|Any CPU.ActiveCfg = Release|Any CPU
		{000AE66B-22FA-46F5-8D01-3E5491A13E4D}.Release|Any CPU.Build.0 = Release|Any CPU
		{D2A7EEDF-01F0-447B-8B32-B1A9F8E8F0B0}.Debug|Any CPU.ActiveCfg = Debug|Any CPU
		{D2A7EEDF-01F0-447B-8B32-B1A9F8E8F0B0}.Debug|Any CPU.Build.0 = Debug|Any CPU
		{D2A7EEDF-01F0-447B-8B32-B1A9F8E8F0B0}.Release|Any CPU.ActiveCfg = Release|Any CPU
		{D2A7EEDF-01F0-447B-8B32-B1A9F8E8F0B0}.Release|Any CPU.Build.0 = Release|Any CPU
		{1D700A08-A418-46AD-8352-2FB04B9B6C8D}.Debug|Any CPU.ActiveCfg = Debug|Any CPU
		{1D700A08-A418-46AD-8352-2FB04B9B6C8D}.Debug|Any CPU.Build.0 = Debug|Any CPU
		{1D700A08-A418-46AD-8352-2FB04B9B6C8D}.Release|Any CPU.ActiveCfg = Release|Any CPU
		{1D700A08-A418-46AD-8352-2FB04B9B6C8D}.Release|Any CPU.Build.0 = Release|Any CPU
		{C265D086-6850-4725-B24A-F7EA8BF4B5D9}.Debug|Any CPU.ActiveCfg = Debug|Any CPU
		{C265D086-6850-4725-B24A-F7EA8BF4B5D9}.Debug|Any CPU.Build.0 = Debug|Any CPU
		{C265D086-6850-4725-B24A-F7EA8BF4B5D9}.Release|Any CPU.ActiveCfg = Release|Any CPU
		{C265D086-6850-4725-B24A-F7EA8BF4B5D9}.Release|Any CPU.Build.0 = Release|Any CPU
		{AE6DD53C-40BF-409F-A81D-4E988FBB17BD}.Debug|Any CPU.ActiveCfg = Debug|Any CPU
		{AE6DD53C-40BF-409F-A81D-4E988FBB17BD}.Debug|Any CPU.Build.0 = Debug|Any CPU
		{AE6DD53C-40BF-409F-A81D-4E988FBB17BD}.Release|Any CPU.ActiveCfg = Release|Any CPU
		{AE6DD53C-40BF-409F-A81D-4E988FBB17BD}.Release|Any CPU.Build.0 = Release|Any CPU
		{319D92D7-D4B9-4A29-8DA4-B3690E62A85E}.Debug|Any CPU.ActiveCfg = Debug|Any CPU
		{319D92D7-D4B9-4A29-8DA4-B3690E62A85E}.Debug|Any CPU.Build.0 = Debug|Any CPU
		{319D92D7-D4B9-4A29-8DA4-B3690E62A85E}.Release|Any CPU.ActiveCfg = Release|Any CPU
		{319D92D7-D4B9-4A29-8DA4-B3690E62A85E}.Release|Any CPU.Build.0 = Release|Any CPU
		{8FD365B6-6E53-476F-BD12-ACF0A82261E1}.Debug|Any CPU.ActiveCfg = Debug|Any CPU
		{8FD365B6-6E53-476F-BD12-ACF0A82261E1}.Debug|Any CPU.Build.0 = Debug|Any CPU
		{8FD365B6-6E53-476F-BD12-ACF0A82261E1}.Release|Any CPU.ActiveCfg = Release|Any CPU
		{8FD365B6-6E53-476F-BD12-ACF0A82261E1}.Release|Any CPU.Build.0 = Release|Any CPU
		{9AD5ED73-B471-4EDB-BCE2-D2B671A73002}.Debug|Any CPU.ActiveCfg = Debug|Any CPU
		{9AD5ED73-B471-4EDB-BCE2-D2B671A73002}.Debug|Any CPU.Build.0 = Debug|Any CPU
		{9AD5ED73-B471-4EDB-BCE2-D2B671A73002}.Release|Any CPU.ActiveCfg = Release|Any CPU
		{9AD5ED73-B471-4EDB-BCE2-D2B671A73002}.Release|Any CPU.Build.0 = Release|Any CPU
		{2F7F135B-7F17-41DE-973F-D29D561867EE}.Debug|Any CPU.ActiveCfg = Debug|Any CPU
		{2F7F135B-7F17-41DE-973F-D29D561867EE}.Debug|Any CPU.Build.0 = Debug|Any CPU
		{2F7F135B-7F17-41DE-973F-D29D561867EE}.Release|Any CPU.ActiveCfg = Release|Any CPU
		{2F7F135B-7F17-41DE-973F-D29D561867EE}.Release|Any CPU.Build.0 = Release|Any CPU
		{A6EBF7B7-38B4-493A-996E-05CB5E1DF401}.Debug|Any CPU.ActiveCfg = Debug|Any CPU
		{A6EBF7B7-38B4-493A-996E-05CB5E1DF401}.Debug|Any CPU.Build.0 = Debug|Any CPU
		{A6EBF7B7-38B4-493A-996E-05CB5E1DF401}.Release|Any CPU.ActiveCfg = Release|Any CPU
		{A6EBF7B7-38B4-493A-996E-05CB5E1DF401}.Release|Any CPU.Build.0 = Release|Any CPU
		{EB5C4B96-6D9D-4E4D-8059-F1F203E8DDF6}.Debug|Any CPU.ActiveCfg = Debug|Any CPU
		{EB5C4B96-6D9D-4E4D-8059-F1F203E8DDF6}.Debug|Any CPU.Build.0 = Debug|Any CPU
		{EB5C4B96-6D9D-4E4D-8059-F1F203E8DDF6}.Release|Any CPU.ActiveCfg = Release|Any CPU
		{EB5C4B96-6D9D-4E4D-8059-F1F203E8DDF6}.Release|Any CPU.Build.0 = Release|Any CPU
		{BC18DFD0-D37B-4F12-A6A8-BE8FC59C1E23}.Debug|Any CPU.ActiveCfg = Debug|Any CPU
		{BC18DFD0-D37B-4F12-A6A8-BE8FC59C1E23}.Debug|Any CPU.Build.0 = Debug|Any CPU
		{BC18DFD0-D37B-4F12-A6A8-BE8FC59C1E23}.Release|Any CPU.ActiveCfg = Release|Any CPU
		{BC18DFD0-D37B-4F12-A6A8-BE8FC59C1E23}.Release|Any CPU.Build.0 = Release|Any CPU
		{79B77F6E-FE35-498F-94FE-DB9D6F5C49B2}.Debug|Any CPU.ActiveCfg = Debug|Any CPU
		{79B77F6E-FE35-498F-94FE-DB9D6F5C49B2}.Debug|Any CPU.Build.0 = Debug|Any CPU
		{79B77F6E-FE35-498F-94FE-DB9D6F5C49B2}.Release|Any CPU.ActiveCfg = Release|Any CPU
		{79B77F6E-FE35-498F-94FE-DB9D6F5C49B2}.Release|Any CPU.Build.0 = Release|Any CPU
		{77846320-8CEB-4390-8CD4-64F0EF761A1B}.Debug|Any CPU.ActiveCfg = Debug|Any CPU
		{77846320-8CEB-4390-8CD4-64F0EF761A1B}.Debug|Any CPU.Build.0 = Debug|Any CPU
		{77846320-8CEB-4390-8CD4-64F0EF761A1B}.Release|Any CPU.ActiveCfg = Release|Any CPU
		{77846320-8CEB-4390-8CD4-64F0EF761A1B}.Release|Any CPU.Build.0 = Release|Any CPU
		{4DCD0031-0834-43A5-86B6-2FC6FF6697F7}.Debug|Any CPU.ActiveCfg = Debug|Any CPU
		{4DCD0031-0834-43A5-86B6-2FC6FF6697F7}.Debug|Any CPU.Build.0 = Debug|Any CPU
		{4DCD0031-0834-43A5-86B6-2FC6FF6697F7}.Release|Any CPU.ActiveCfg = Release|Any CPU
		{4DCD0031-0834-43A5-86B6-2FC6FF6697F7}.Release|Any CPU.Build.0 = Release|Any CPU
		{99F7A5A4-C099-4EDF-943C-6264A69891D4}.Debug|Any CPU.ActiveCfg = Debug|Any CPU
		{99F7A5A4-C099-4EDF-943C-6264A69891D4}.Debug|Any CPU.Build.0 = Debug|Any CPU
		{99F7A5A4-C099-4EDF-943C-6264A69891D4}.Release|Any CPU.ActiveCfg = Release|Any CPU
		{99F7A5A4-C099-4EDF-943C-6264A69891D4}.Release|Any CPU.Build.0 = Release|Any CPU
		{4F640AAC-A976-46D0-8FAA-FA1E526BB16F}.Debug|Any CPU.ActiveCfg = Debug|Any CPU
		{4F640AAC-A976-46D0-8FAA-FA1E526BB16F}.Debug|Any CPU.Build.0 = Debug|Any CPU
		{4F640AAC-A976-46D0-8FAA-FA1E526BB16F}.Release|Any CPU.ActiveCfg = Release|Any CPU
		{4F640AAC-A976-46D0-8FAA-FA1E526BB16F}.Release|Any CPU.Build.0 = Release|Any CPU
		{E0F8A1B3-4E27-4B5A-ACBD-6AD7689E237B}.Debug|Any CPU.ActiveCfg = Debug|Any CPU
		{E0F8A1B3-4E27-4B5A-ACBD-6AD7689E237B}.Debug|Any CPU.Build.0 = Debug|Any CPU
		{E0F8A1B3-4E27-4B5A-ACBD-6AD7689E237B}.Release|Any CPU.ActiveCfg = Release|Any CPU
		{E0F8A1B3-4E27-4B5A-ACBD-6AD7689E237B}.Release|Any CPU.Build.0 = Release|Any CPU
		{3F1B02AB-1AE3-4E94-BAC3-5BFA5A661FCD}.Debug|Any CPU.ActiveCfg = Debug|Any CPU
		{3F1B02AB-1AE3-4E94-BAC3-5BFA5A661FCD}.Debug|Any CPU.Build.0 = Debug|Any CPU
		{3F1B02AB-1AE3-4E94-BAC3-5BFA5A661FCD}.Release|Any CPU.ActiveCfg = Release|Any CPU
		{3F1B02AB-1AE3-4E94-BAC3-5BFA5A661FCD}.Release|Any CPU.Build.0 = Release|Any CPU
		{C3AD606D-C043-4569-AEEF-2D964C20FD02}.Debug|Any CPU.ActiveCfg = Debug|Any CPU
		{C3AD606D-C043-4569-AEEF-2D964C20FD02}.Debug|Any CPU.Build.0 = Debug|Any CPU
		{C3AD606D-C043-4569-AEEF-2D964C20FD02}.Release|Any CPU.ActiveCfg = Release|Any CPU
		{C3AD606D-C043-4569-AEEF-2D964C20FD02}.Release|Any CPU.Build.0 = Release|Any CPU
		{D2CD7FFB-0438-40B5-BF93-16BA9196F122}.Debug|Any CPU.ActiveCfg = Debug|Any CPU
		{D2CD7FFB-0438-40B5-BF93-16BA9196F122}.Debug|Any CPU.Build.0 = Debug|Any CPU
		{D2CD7FFB-0438-40B5-BF93-16BA9196F122}.Release|Any CPU.ActiveCfg = Release|Any CPU
		{D2CD7FFB-0438-40B5-BF93-16BA9196F122}.Release|Any CPU.Build.0 = Release|Any CPU
		{A4E945BB-11EE-40CF-4425-FEE663050232}.Debug|Any CPU.ActiveCfg = Debug|Any CPU
		{A4E945BB-11EE-40CF-4425-FEE663050232}.Debug|Any CPU.Build.0 = Debug|Any CPU
		{A4E945BB-11EE-40CF-4425-FEE663050232}.Release|Any CPU.ActiveCfg = Release|Any CPU
		{A4E945BB-11EE-40CF-4425-FEE663050232}.Release|Any CPU.Build.0 = Release|Any CPU
		{E07B705E-9E80-40FB-B55F-AB2D6EED438D}.Debug|Any CPU.ActiveCfg = Debug|Any CPU
		{E07B705E-9E80-40FB-B55F-AB2D6EED438D}.Debug|Any CPU.Build.0 = Debug|Any CPU
		{E07B705E-9E80-40FB-B55F-AB2D6EED438D}.Release|Any CPU.ActiveCfg = Release|Any CPU
		{E07B705E-9E80-40FB-B55F-AB2D6EED438D}.Release|Any CPU.Build.0 = Release|Any CPU
		{A4FAAB85-BE28-6A31-60D6-17DABB45D3A8}.Debug|Any CPU.ActiveCfg = Debug|Any CPU
		{A4FAAB85-BE28-6A31-60D6-17DABB45D3A8}.Debug|Any CPU.Build.0 = Debug|Any CPU
		{A4FAAB85-BE28-6A31-60D6-17DABB45D3A8}.Release|Any CPU.ActiveCfg = Release|Any CPU
		{A4FAAB85-BE28-6A31-60D6-17DABB45D3A8}.Release|Any CPU.Build.0 = Release|Any CPU
		{46A00B67-C211-488E-A472-7CC5334747C0}.Debug|Any CPU.ActiveCfg = Debug|Any CPU
		{46A00B67-C211-488E-A472-7CC5334747C0}.Debug|Any CPU.Build.0 = Debug|Any CPU
		{46A00B67-C211-488E-A472-7CC5334747C0}.Release|Any CPU.ActiveCfg = Release|Any CPU
		{46A00B67-C211-488E-A472-7CC5334747C0}.Release|Any CPU.Build.0 = Release|Any CPU
		{B6B76FA7-F0AA-4EC8-AA92-960FC42A18E6}.Debug|Any CPU.ActiveCfg = Debug|Any CPU
		{B6B76FA7-F0AA-4EC8-AA92-960FC42A18E6}.Debug|Any CPU.Build.0 = Debug|Any CPU
		{B6B76FA7-F0AA-4EC8-AA92-960FC42A18E6}.Release|Any CPU.ActiveCfg = Release|Any CPU
		{B6B76FA7-F0AA-4EC8-AA92-960FC42A18E6}.Release|Any CPU.Build.0 = Release|Any CPU
		{BE4F472A-2807-49EE-81BD-D01F8DA8C170}.Debug|Any CPU.ActiveCfg = Debug|Any CPU
		{BE4F472A-2807-49EE-81BD-D01F8DA8C170}.Debug|Any CPU.Build.0 = Debug|Any CPU
		{BE4F472A-2807-49EE-81BD-D01F8DA8C170}.Release|Any CPU.ActiveCfg = Release|Any CPU
		{BE4F472A-2807-49EE-81BD-D01F8DA8C170}.Release|Any CPU.Build.0 = Release|Any CPU
		{E25A0589-325C-470B-B281-1A8609D32CF9}.Debug|Any CPU.ActiveCfg = Debug|Any CPU
		{E25A0589-325C-470B-B281-1A8609D32CF9}.Debug|Any CPU.Build.0 = Debug|Any CPU
		{E25A0589-325C-470B-B281-1A8609D32CF9}.Release|Any CPU.ActiveCfg = Release|Any CPU
		{E25A0589-325C-470B-B281-1A8609D32CF9}.Release|Any CPU.Build.0 = Release|Any CPU
	EndGlobalSection
	GlobalSection(SolutionProperties) = preSolution
		HideSolutionNode = FALSE
	EndGlobalSection
	GlobalSection(NestedProjects) = preSolution
		{0B9BC791-50A1-484C-9E78-3C76CF4B03C8} = {3B9C61C1-4778-468D-9293-D703C5FA853D}
		{7711D87C-7E00-42A2-A1E6-B63931745893} = {3B9C61C1-4778-468D-9293-D703C5FA853D}
		{52EB24A8-9FFD-47B1-BC82-F23DD4C01265} = {BC97E9D6-2B2C-485D-A8C9-5D89A73317F6}
		{44EFE794-1013-4F56-8B2D-83FE4CB7B6B4} = {0B9BC791-50A1-484C-9E78-3C76CF4B03C8}
		{4DFA2EAB-0C1D-480E-A438-7922663CCEEC} = {0B9BC791-50A1-484C-9E78-3C76CF4B03C8}
		{5BB3ABE8-443D-421D-AB0A-38794D9C746B} = {0B9BC791-50A1-484C-9E78-3C76CF4B03C8}
		{000AE66B-22FA-46F5-8D01-3E5491A13E4D} = {0B9BC791-50A1-484C-9E78-3C76CF4B03C8}
		{D2A7EEDF-01F0-447B-8B32-B1A9F8E8F0B0} = {0B9BC791-50A1-484C-9E78-3C76CF4B03C8}
		{1D700A08-A418-46AD-8352-2FB04B9B6C8D} = {0B9BC791-50A1-484C-9E78-3C76CF4B03C8}
		{C265D086-6850-4725-B24A-F7EA8BF4B5D9} = {0B9BC791-50A1-484C-9E78-3C76CF4B03C8}
		{AE6DD53C-40BF-409F-A81D-4E988FBB17BD} = {0B9BC791-50A1-484C-9E78-3C76CF4B03C8}
		{319D92D7-D4B9-4A29-8DA4-B3690E62A85E} = {0B9BC791-50A1-484C-9E78-3C76CF4B03C8}
		{8FD365B6-6E53-476F-BD12-ACF0A82261E1} = {0B9BC791-50A1-484C-9E78-3C76CF4B03C8}
		{9AD5ED73-B471-4EDB-BCE2-D2B671A73002} = {0B9BC791-50A1-484C-9E78-3C76CF4B03C8}
		{2F7F135B-7F17-41DE-973F-D29D561867EE} = {0B9BC791-50A1-484C-9E78-3C76CF4B03C8}
		{A6EBF7B7-38B4-493A-996E-05CB5E1DF401} = {7711D87C-7E00-42A2-A1E6-B63931745893}
		{EB5C4B96-6D9D-4E4D-8059-F1F203E8DDF6} = {7711D87C-7E00-42A2-A1E6-B63931745893}
		{BC18DFD0-D37B-4F12-A6A8-BE8FC59C1E23} = {52EB24A8-9FFD-47B1-BC82-F23DD4C01265}
		{79B77F6E-FE35-498F-94FE-DB9D6F5C49B2} = {0B9BC791-50A1-484C-9E78-3C76CF4B03C8}
		{77846320-8CEB-4390-8CD4-64F0EF761A1B} = {0B9BC791-50A1-484C-9E78-3C76CF4B03C8}
		{4DCD0031-0834-43A5-86B6-2FC6FF6697F7} = {0B9BC791-50A1-484C-9E78-3C76CF4B03C8}
		{99F7A5A4-C099-4EDF-943C-6264A69891D4} = {0B9BC791-50A1-484C-9E78-3C76CF4B03C8}
		{4C1627B0-9AD4-4B18-BFB5-9F4140BAEBAB} = {5BAB1578-B095-4C50-9842-58FB19B6C0E7}
		{4F640AAC-A976-46D0-8FAA-FA1E526BB16F} = {4C1627B0-9AD4-4B18-BFB5-9F4140BAEBAB}
		{E0F8A1B3-4E27-4B5A-ACBD-6AD7689E237B} = {7711D87C-7E00-42A2-A1E6-B63931745893}
		{3F1B02AB-1AE3-4E94-BAC3-5BFA5A661FCD} = {7711D87C-7E00-42A2-A1E6-B63931745893}
		{C3AD606D-C043-4569-AEEF-2D964C20FD02} = {0B9BC791-50A1-484C-9E78-3C76CF4B03C8}
		{D2CD7FFB-0438-40B5-BF93-16BA9196F122} = {7711D87C-7E00-42A2-A1E6-B63931745893}
		{A4E945BB-11EE-40CF-4425-FEE663050232} = {7711D87C-7E00-42A2-A1E6-B63931745893}
		{E07B705E-9E80-40FB-B55F-AB2D6EED438D} = {0B9BC791-50A1-484C-9E78-3C76CF4B03C8}
		{A4FAAB85-BE28-6A31-60D6-17DABB45D3A8} = {0B9BC791-50A1-484C-9E78-3C76CF4B03C8}
		{46A00B67-C211-488E-A472-7CC5334747C0} = {0B9BC791-50A1-484C-9E78-3C76CF4B03C8}
		{B6B76FA7-F0AA-4EC8-AA92-960FC42A18E6} = {0B9BC791-50A1-484C-9E78-3C76CF4B03C8}
		{BE4F472A-2807-49EE-81BD-D01F8DA8C170} = {0B9BC791-50A1-484C-9E78-3C76CF4B03C8}
		{E25A0589-325C-470B-B281-1A8609D32CF9} = {0B9BC791-50A1-484C-9E78-3C76CF4B03C8}
	EndGlobalSection
	GlobalSection(ExtensibilityGlobals) = postSolution
		SolutionGuid = {137AB619-25F6-4870-9EEF-E9450C829E13}
	EndGlobalSection
EndGlobal
